// !$*UTF8*$!
{
	archiveVersion = 1;
	classes = {
	};
	objectVersion = 56;
	objects = {

/* Begin PBXBuildFile section */
		48B89DE62A54DA3E00919CFD /* AppDelegate.swift in Sources */ = {isa = PBXBuildFile; fileRef = 48B89DE52A54DA3E00919CFD /* AppDelegate.swift */; };
		48B89DE82A54DA3E00919CFD /* SceneDelegate.swift in Sources */ = {isa = PBXBuildFile; fileRef = 48B89DE72A54DA3E00919CFD /* SceneDelegate.swift */; };
		48B89DEF2A54DA4000919CFD /* Assets.xcassets in Resources */ = {isa = PBXBuildFile; fileRef = 48B89DEE2A54DA4000919CFD /* Assets.xcassets */; };
		48B89DF22A54DA4000919CFD /* LaunchScreen.storyboard in Resources */ = {isa = PBXBuildFile; fileRef = 48B89DF02A54DA4000919CFD /* LaunchScreen.storyboard */; };
		48B89DFB2A54DEF100919CFD /* Coordinator.swift in Sources */ = {isa = PBXBuildFile; fileRef = 48B89DFA2A54DEF100919CFD /* Coordinator.swift */; };
		48B89DFD2A54DF1100919CFD /* Router.swift in Sources */ = {isa = PBXBuildFile; fileRef = 48B89DFC2A54DF1100919CFD /* Router.swift */; };
		48B89DFF2A54DFC100919CFD /* MainTransition.swift in Sources */ = {isa = PBXBuildFile; fileRef = 48B89DFE2A54DFC100919CFD /* MainTransition.swift */; };
		48B89E042A54E07B00919CFD /* MainListViewController.swift in Sources */ = {isa = PBXBuildFile; fileRef = 48B89E022A54E07B00919CFD /* MainListViewController.swift */; };
		48B89E052A54E07B00919CFD /* MainListViewController.xib in Resources */ = {isa = PBXBuildFile; fileRef = 48B89E032A54E07B00919CFD /* MainListViewController.xib */; };
		48B89E072A54E09400919CFD /* MainCoordinator.swift in Sources */ = {isa = PBXBuildFile; fileRef = 48B89E062A54E09400919CFD /* MainCoordinator.swift */; };
		48B89E092A54E13500919CFD /* App.swift in Sources */ = {isa = PBXBuildFile; fileRef = 48B89E082A54E13500919CFD /* App.swift */; };
/* End PBXBuildFile section */

/* Begin PBXFileReference section */
		48B89DE22A54DA3E00919CFD /* PokeApi-CoordinatorWithRouter.app */ = {isa = PBXFileReference; explicitFileType = wrapper.application; includeInIndex = 0; path = "PokeApi-CoordinatorWithRouter.app"; sourceTree = BUILT_PRODUCTS_DIR; };
		48B89DE52A54DA3E00919CFD /* AppDelegate.swift */ = {isa = PBXFileReference; lastKnownFileType = sourcecode.swift; path = AppDelegate.swift; sourceTree = "<group>"; };
		48B89DE72A54DA3E00919CFD /* SceneDelegate.swift */ = {isa = PBXFileReference; lastKnownFileType = sourcecode.swift; path = SceneDelegate.swift; sourceTree = "<group>"; };
		48B89DEE2A54DA4000919CFD /* Assets.xcassets */ = {isa = PBXFileReference; lastKnownFileType = folder.assetcatalog; path = Assets.xcassets; sourceTree = "<group>"; };
		48B89DF12A54DA4000919CFD /* Base */ = {isa = PBXFileReference; lastKnownFileType = file.storyboard; name = Base; path = Base.lproj/LaunchScreen.storyboard; sourceTree = "<group>"; };
		48B89DF32A54DA4000919CFD /* Info.plist */ = {isa = PBXFileReference; lastKnownFileType = text.plist.xml; path = Info.plist; sourceTree = "<group>"; };
		48B89DFA2A54DEF100919CFD /* Coordinator.swift */ = {isa = PBXFileReference; lastKnownFileType = sourcecode.swift; path = Coordinator.swift; sourceTree = "<group>"; };
		48B89DFC2A54DF1100919CFD /* Router.swift */ = {isa = PBXFileReference; lastKnownFileType = sourcecode.swift; path = Router.swift; sourceTree = "<group>"; };
		48B89DFE2A54DFC100919CFD /* MainTransition.swift */ = {isa = PBXFileReference; lastKnownFileType = sourcecode.swift; path = MainTransition.swift; sourceTree = "<group>"; };
		48B89E022A54E07B00919CFD /* MainListViewController.swift */ = {isa = PBXFileReference; lastKnownFileType = sourcecode.swift; path = MainListViewController.swift; sourceTree = "<group>"; };
		48B89E032A54E07B00919CFD /* MainListViewController.xib */ = {isa = PBXFileReference; lastKnownFileType = file.xib; path = MainListViewController.xib; sourceTree = "<group>"; };
		48B89E062A54E09400919CFD /* MainCoordinator.swift */ = {isa = PBXFileReference; lastKnownFileType = sourcecode.swift; path = MainCoordinator.swift; sourceTree = "<group>"; };
		48B89E082A54E13500919CFD /* App.swift */ = {isa = PBXFileReference; lastKnownFileType = sourcecode.swift; path = App.swift; sourceTree = "<group>"; };
/* End PBXFileReference section */

/* Begin PBXFrameworksBuildPhase section */
		48B89DDF2A54DA3E00919CFD /* Frameworks */ = {
			isa = PBXFrameworksBuildPhase;
			buildActionMask = 2147483647;
			files = (
			);
			runOnlyForDeploymentPostprocessing = 0;
		};
/* End PBXFrameworksBuildPhase section */

/* Begin PBXGroup section */
		48B89DD92A54DA3E00919CFD = {
			isa = PBXGroup;
			children = (
				48B89DE42A54DA3E00919CFD /* PokeApi-CoordinatorWithRouter */,
				48B89DE32A54DA3E00919CFD /* Products */,
			);
			sourceTree = "<group>";
		};
		48B89DE32A54DA3E00919CFD /* Products */ = {
			isa = PBXGroup;
			children = (
				48B89DE22A54DA3E00919CFD /* PokeApi-CoordinatorWithRouter.app */,
			);
			name = Products;
			sourceTree = "<group>";
		};
		48B89DE42A54DA3E00919CFD /* PokeApi-CoordinatorWithRouter */ = {
			isa = PBXGroup;
			children = (
				48B89DFE2A54DFC100919CFD /* MainTransition.swift */,
				48B89DE52A54DA3E00919CFD /* AppDelegate.swift */,
				48B89DE72A54DA3E00919CFD /* SceneDelegate.swift */,
				48B89DF92A54DED600919CFD /* Protocols */,
				48B89E002A54E05800919CFD /* Views */,
				48B89DEE2A54DA4000919CFD /* Assets.xcassets */,
				48B89DF02A54DA4000919CFD /* LaunchScreen.storyboard */,
				48B89DF32A54DA4000919CFD /* Info.plist */,
				48B89E082A54E13500919CFD /* App.swift */,
			);
			path = "PokeApi-CoordinatorWithRouter";
			sourceTree = "<group>";
		};
		48B89DF92A54DED600919CFD /* Protocols */ = {
			isa = PBXGroup;
			children = (
				48B89DFA2A54DEF100919CFD /* Coordinator.swift */,
				48B89DFC2A54DF1100919CFD /* Router.swift */,
			);
			path = Protocols;
			sourceTree = "<group>";
		};
		48B89E002A54E05800919CFD /* Views */ = {
			isa = PBXGroup;
			children = (
				48B89E012A54E05F00919CFD /* Main */,
			);
			path = Views;
			sourceTree = "<group>";
		};
		48B89E012A54E05F00919CFD /* Main */ = {
			isa = PBXGroup;
			children = (
				48B89E022A54E07B00919CFD /* MainListViewController.swift */,
				48B89E032A54E07B00919CFD /* MainListViewController.xib */,
				48B89E062A54E09400919CFD /* MainCoordinator.swift */,
			);
			path = Main;
			sourceTree = "<group>";
		};
/* End PBXGroup section */

/* Begin PBXNativeTarget section */
		48B89DE12A54DA3E00919CFD /* PokeApi-CoordinatorWithRouter */ = {
			isa = PBXNativeTarget;
			buildConfigurationList = 48B89DF62A54DA4000919CFD /* Build configuration list for PBXNativeTarget "PokeApi-CoordinatorWithRouter" */;
			buildPhases = (
				48B89DDE2A54DA3E00919CFD /* Sources */,
				48B89DDF2A54DA3E00919CFD /* Frameworks */,
				48B89DE02A54DA3E00919CFD /* Resources */,
			);
			buildRules = (
			);
			dependencies = (
			);
			name = "PokeApi-CoordinatorWithRouter";
			productName = "PokeApi-CoordinatorWithRouter";
			productReference = 48B89DE22A54DA3E00919CFD /* PokeApi-CoordinatorWithRouter.app */;
			productType = "com.apple.product-type.application";
		};
/* End PBXNativeTarget section */

/* Begin PBXProject section */
		48B89DDA2A54DA3E00919CFD /* Project object */ = {
			isa = PBXProject;
			attributes = {
				BuildIndependentTargetsInParallel = 1;
				LastSwiftUpdateCheck = 1420;
				LastUpgradeCheck = 1420;
				TargetAttributes = {
					48B89DE12A54DA3E00919CFD = {
						CreatedOnToolsVersion = 14.2;
					};
				};
			};
			buildConfigurationList = 48B89DDD2A54DA3E00919CFD /* Build configuration list for PBXProject "PokeApi-CoordinatorWithRouter" */;
			compatibilityVersion = "Xcode 14.0";
			developmentRegion = en;
			hasScannedForEncodings = 0;
			knownRegions = (
				en,
				Base,
			);
			mainGroup = 48B89DD92A54DA3E00919CFD;
			productRefGroup = 48B89DE32A54DA3E00919CFD /* Products */;
			projectDirPath = "";
			projectRoot = "";
			targets = (
				48B89DE12A54DA3E00919CFD /* PokeApi-CoordinatorWithRouter */,
			);
		};
/* End PBXProject section */

/* Begin PBXResourcesBuildPhase section */
		48B89DE02A54DA3E00919CFD /* Resources */ = {
			isa = PBXResourcesBuildPhase;
			buildActionMask = 2147483647;
			files = (
				48B89E052A54E07B00919CFD /* MainListViewController.xib in Resources */,
				48B89DF22A54DA4000919CFD /* LaunchScreen.storyboard in Resources */,
				48B89DEF2A54DA4000919CFD /* Assets.xcassets in Resources */,
			);
			runOnlyForDeploymentPostprocessing = 0;
		};
/* End PBXResourcesBuildPhase section */

/* Begin PBXSourcesBuildPhase section */
		48B89DDE2A54DA3E00919CFD /* Sources */ = {
			isa = PBXSourcesBuildPhase;
			buildActionMask = 2147483647;
			files = (
				48B89DFD2A54DF1100919CFD /* Router.swift in Sources */,
				48B89E072A54E09400919CFD /* MainCoordinator.swift in Sources */,
				48B89DE62A54DA3E00919CFD /* AppDelegate.swift in Sources */,
				48B89DFF2A54DFC100919CFD /* MainTransition.swift in Sources */,
				48B89E042A54E07B00919CFD /* MainListViewController.swift in Sources */,
				48B89E092A54E13500919CFD /* App.swift in Sources */,
				48B89DE82A54DA3E00919CFD /* SceneDelegate.swift in Sources */,
				48B89DFB2A54DEF100919CFD /* Coordinator.swift in Sources */,
			);
			runOnlyForDeploymentPostprocessing = 0;
		};
/* End PBXSourcesBuildPhase section */

/* Begin PBXVariantGroup section */
		48B89DF02A54DA4000919CFD /* LaunchScreen.storyboard */ = {
			isa = PBXVariantGroup;
			children = (
				48B89DF12A54DA4000919CFD /* Base */,
			);
			name = LaunchScreen.storyboard;
			sourceTree = "<group>";
		};
/* End PBXVariantGroup section */

/* Begin XCBuildConfiguration section */
		48B89DF42A54DA4000919CFD /* Debug */ = {
			isa = XCBuildConfiguration;
			buildSettings = {
				ALWAYS_SEARCH_USER_PATHS = NO;
				CLANG_ANALYZER_NONNULL = YES;
				CLANG_ANALYZER_NUMBER_OBJECT_CONVERSION = YES_AGGRESSIVE;
				CLANG_CXX_LANGUAGE_STANDARD = "gnu++20";
				CLANG_ENABLE_MODULES = YES;
				CLANG_ENABLE_OBJC_ARC = YES;
				CLANG_ENABLE_OBJC_WEAK = YES;
				CLANG_WARN_BLOCK_CAPTURE_AUTORELEASING = YES;
				CLANG_WARN_BOOL_CONVERSION = YES;
				CLANG_WARN_COMMA = YES;
				CLANG_WARN_CONSTANT_CONVERSION = YES;
				CLANG_WARN_DEPRECATED_OBJC_IMPLEMENTATIONS = YES;
				CLANG_WARN_DIRECT_OBJC_ISA_USAGE = YES_ERROR;
				CLANG_WARN_DOCUMENTATION_COMMENTS = YES;
				CLANG_WARN_EMPTY_BODY = YES;
				CLANG_WARN_ENUM_CONVERSION = YES;
				CLANG_WARN_INFINITE_RECURSION = YES;
				CLANG_WARN_INT_CONVERSION = YES;
				CLANG_WARN_NON_LITERAL_NULL_CONVERSION = YES;
				CLANG_WARN_OBJC_IMPLICIT_RETAIN_SELF = YES;
				CLANG_WARN_OBJC_LITERAL_CONVERSION = YES;
				CLANG_WARN_OBJC_ROOT_CLASS = YES_ERROR;
				CLANG_WARN_QUOTED_INCLUDE_IN_FRAMEWORK_HEADER = YES;
				CLANG_WARN_RANGE_LOOP_ANALYSIS = YES;
				CLANG_WARN_STRICT_PROTOTYPES = YES;
				CLANG_WARN_SUSPICIOUS_MOVE = YES;
				CLANG_WARN_UNGUARDED_AVAILABILITY = YES_AGGRESSIVE;
				CLANG_WARN_UNREACHABLE_CODE = YES;
				CLANG_WARN__DUPLICATE_METHOD_MATCH = YES;
				COPY_PHASE_STRIP = NO;
				DEBUG_INFORMATION_FORMAT = dwarf;
				ENABLE_STRICT_OBJC_MSGSEND = YES;
				ENABLE_TESTABILITY = YES;
				GCC_C_LANGUAGE_STANDARD = gnu11;
				GCC_DYNAMIC_NO_PIC = NO;
				GCC_NO_COMMON_BLOCKS = YES;
				GCC_OPTIMIZATION_LEVEL = 0;
				GCC_PREPROCESSOR_DEFINITIONS = (
					"DEBUG=1",
					"$(inherited)",
				);
				GCC_WARN_64_TO_32_BIT_CONVERSION = YES;
				GCC_WARN_ABOUT_RETURN_TYPE = YES_ERROR;
				GCC_WARN_UNDECLARED_SELECTOR = YES;
				GCC_WARN_UNINITIALIZED_AUTOS = YES_AGGRESSIVE;
				GCC_WARN_UNUSED_FUNCTION = YES;
				GCC_WARN_UNUSED_VARIABLE = YES;
				IPHONEOS_DEPLOYMENT_TARGET = 16.2;
				MTL_ENABLE_DEBUG_INFO = INCLUDE_SOURCE;
				MTL_FAST_MATH = YES;
				ONLY_ACTIVE_ARCH = YES;
				SDKROOT = iphoneos;
				SWIFT_ACTIVE_COMPILATION_CONDITIONS = DEBUG;
				SWIFT_OPTIMIZATION_LEVEL = "-Onone";
			};
			name = Debug;
		};
		48B89DF52A54DA4000919CFD /* Release */ = {
			isa = XCBuildConfiguration;
			buildSettings = {
				ALWAYS_SEARCH_USER_PATHS = NO;
				CLANG_ANALYZER_NONNULL = YES;
				CLANG_ANALYZER_NUMBER_OBJECT_CONVERSION = YES_AGGRESSIVE;
				CLANG_CXX_LANGUAGE_STANDARD = "gnu++20";
				CLANG_ENABLE_MODULES = YES;
				CLANG_ENABLE_OBJC_ARC = YES;
				CLANG_ENABLE_OBJC_WEAK = YES;
				CLANG_WARN_BLOCK_CAPTURE_AUTORELEASING = YES;
				CLANG_WARN_BOOL_CONVERSION = YES;
				CLANG_WARN_COMMA = YES;
				CLANG_WARN_CONSTANT_CONVERSION = YES;
				CLANG_WARN_DEPRECATED_OBJC_IMPLEMENTATIONS = YES;
				CLANG_WARN_DIRECT_OBJC_ISA_USAGE = YES_ERROR;
				CLANG_WARN_DOCUMENTATION_COMMENTS = YES;
				CLANG_WARN_EMPTY_BODY = YES;
				CLANG_WARN_ENUM_CONVERSION = YES;
				CLANG_WARN_INFINITE_RECURSION = YES;
				CLANG_WARN_INT_CONVERSION = YES;
				CLANG_WARN_NON_LITERAL_NULL_CONVERSION = YES;
				CLANG_WARN_OBJC_IMPLICIT_RETAIN_SELF = YES;
				CLANG_WARN_OBJC_LITERAL_CONVERSION = YES;
				CLANG_WARN_OBJC_ROOT_CLASS = YES_ERROR;
				CLANG_WARN_QUOTED_INCLUDE_IN_FRAMEWORK_HEADER = YES;
				CLANG_WARN_RANGE_LOOP_ANALYSIS = YES;
				CLANG_WARN_STRICT_PROTOTYPES = YES;
				CLANG_WARN_SUSPICIOUS_MOVE = YES;
				CLANG_WARN_UNGUARDED_AVAILABILITY = YES_AGGRESSIVE;
				CLANG_WARN_UNREACHABLE_CODE = YES;
				CLANG_WARN__DUPLICATE_METHOD_MATCH = YES;
				COPY_PHASE_STRIP = NO;
				DEBUG_INFORMATION_FORMAT = "dwarf-with-dsym";
				ENABLE_NS_ASSERTIONS = NO;
				ENABLE_STRICT_OBJC_MSGSEND = YES;
				GCC_C_LANGUAGE_STANDARD = gnu11;
				GCC_NO_COMMON_BLOCKS = YES;
				GCC_WARN_64_TO_32_BIT_CONVERSION = YES;
				GCC_WARN_ABOUT_RETURN_TYPE = YES_ERROR;
				GCC_WARN_UNDECLARED_SELECTOR = YES;
				GCC_WARN_UNINITIALIZED_AUTOS = YES_AGGRESSIVE;
				GCC_WARN_UNUSED_FUNCTION = YES;
				GCC_WARN_UNUSED_VARIABLE = YES;
				IPHONEOS_DEPLOYMENT_TARGET = 16.2;
				MTL_ENABLE_DEBUG_INFO = NO;
				MTL_FAST_MATH = YES;
				SDKROOT = iphoneos;
				SWIFT_COMPILATION_MODE = wholemodule;
				SWIFT_OPTIMIZATION_LEVEL = "-O";
				VALIDATE_PRODUCT = YES;
			};
			name = Release;
		};
		48B89DF72A54DA4000919CFD /* Debug */ = {
			isa = XCBuildConfiguration;
			buildSettings = {
				ASSETCATALOG_COMPILER_APPICON_NAME = AppIcon;
				ASSETCATALOG_COMPILER_GLOBAL_ACCENT_COLOR_NAME = AccentColor;
				CODE_SIGN_STYLE = Automatic;
				CURRENT_PROJECT_VERSION = 1;
				GENERATE_INFOPLIST_FILE = YES;
				INFOPLIST_FILE = "PokeApi-CoordinatorWithRouter/Info.plist";
				INFOPLIST_KEY_UIApplicationSupportsIndirectInputEvents = YES;
				INFOPLIST_KEY_UILaunchStoryboardName = LaunchScreen;
				INFOPLIST_KEY_UISupportedInterfaceOrientations_iPad = "UIInterfaceOrientationPortrait UIInterfaceOrientationPortraitUpsideDown UIInterfaceOrientationLandscapeLeft UIInterfaceOrientationLandscapeRight";
				INFOPLIST_KEY_UISupportedInterfaceOrientations_iPhone = "UIInterfaceOrientationPortrait UIInterfaceOrientationLandscapeLeft UIInterfaceOrientationLandscapeRight";
				LD_RUNPATH_SEARCH_PATHS = (
					"$(inherited)",
					"@executable_path/Frameworks",
				);
				MARKETING_VERSION = 1.0;
				PRODUCT_BUNDLE_IDENTIFIER = "www.zuniga.practice.PokeApi-CoordinatorWithRouter";
				PRODUCT_NAME = "$(TARGET_NAME)";
				SWIFT_EMIT_LOC_STRINGS = YES;
				SWIFT_VERSION = 5.0;
				TARGETED_DEVICE_FAMILY = "1,2";
			};
			name = Debug;
		};
		48B89DF82A54DA4000919CFD /* Release */ = {
			isa = XCBuildConfiguration;
			buildSettings = {
				ASSETCATALOG_COMPILER_APPICON_NAME = AppIcon;
				ASSETCATALOG_COMPILER_GLOBAL_ACCENT_COLOR_NAME = AccentColor;
				CODE_SIGN_STYLE = Automatic;
				CURRENT_PROJECT_VERSION = 1;
				GENERATE_INFOPLIST_FILE = YES;
				INFOPLIST_FILE = "PokeApi-CoordinatorWithRouter/Info.plist";
				INFOPLIST_KEY_UIApplicationSupportsIndirectInputEvents = YES;
				INFOPLIST_KEY_UILaunchStoryboardName = LaunchScreen;
				INFOPLIST_KEY_UISupportedInterfaceOrientations_iPad = "UIInterfaceOrientationPortrait UIInterfaceOrientationPortraitUpsideDown UIInterfaceOrientationLandscapeLeft UIInterfaceOrientationLandscapeRight";
				INFOPLIST_KEY_UISupportedInterfaceOrientations_iPhone = "UIInterfaceOrientationPortrait UIInterfaceOrientationLandscapeLeft UIInterfaceOrientationLandscapeRight";
				LD_RUNPATH_SEARCH_PATHS = (
					"$(inherited)",
					"@executable_path/Frameworks",
				);
				MARKETING_VERSION = 1.0;
				PRODUCT_BUNDLE_IDENTIFIER = "www.zuniga.practice.PokeApi-CoordinatorWithRouter";
				PRODUCT_NAME = "$(TARGET_NAME)";
				SWIFT_EMIT_LOC_STRINGS = YES;
				SWIFT_VERSION = 5.0;
				TARGETED_DEVICE_FAMILY = "1,2";
			};
			name = Release;
		};
/* End XCBuildConfiguration section */

/* Begin XCConfigurationList section */
		48B89DDD2A54DA3E00919CFD /* Build configuration list for PBXProject "PokeApi-CoordinatorWithRouter" */ = {
			isa = XCConfigurationList;
			buildConfigurations = (
				48B89DF42A54DA4000919CFD /* Debug */,
				48B89DF52A54DA4000919CFD /* Release */,
			);
			defaultConfigurationIsVisible = 0;
			defaultConfigurationName = Release;
		};
		48B89DF62A54DA4000919CFD /* Build configuration list for PBXNativeTarget "PokeApi-CoordinatorWithRouter" */ = {
			isa = XCConfigurationList;
			buildConfigurations = (
				48B89DF72A54DA4000919CFD /* Debug */,
				48B89DF82A54DA4000919CFD /* Release */,
			);
			defaultConfigurationIsVisible = 0;
			defaultConfigurationName = Release;
		};
/* End XCConfigurationList section */
	};
	rootObject = 48B89DDA2A54DA3E00919CFD /* Project object */;
}
